
Microsoft Visual Studio Solution File, Format Version 12.00
# Visual Studio Version 16
VisualStudioVersion = 16.0.31019.35
MinimumVisualStudioVersion = 10.0.40219.1
Project("{2150E333-8FDC-42A3-9474-1A3956D46DE8}") = "Tests", "Tests", "{F41E47F8-FF01-44C1-B759-8A62A3E31ABA}"
EndProject
Project("{2150E333-8FDC-42A3-9474-1A3956D46DE8}") = "Application", "Application", "{4ACFC861-87D8-48C2-8176-F7F65581F913}"
EndProject
Project("{2150E333-8FDC-42A3-9474-1A3956D46DE8}") = "Domain", "Domain", "{80109FA0-DF84-4567-9C2E-4671BF888D39}"
EndProject
Project("{2150E333-8FDC-42A3-9474-1A3956D46DE8}") = "Infrastructure", "Infrastructure", "{850AB592-2C5F-4D17-BB2D-7A83BA856580}"
EndProject
Project("{2150E333-8FDC-42A3-9474-1A3956D46DE8}") = "Presentation", "Presentation", "{D8370BF8-7BB3-479A-B45E-98E474F20206}"
EndProject
Project("{2150E333-8FDC-42A3-9474-1A3956D46DE8}") = "Core", "Core", "{8D0B12C8-D230-4432-B654-ED6F6F9D9AE1}"
EndProject
Project("{9A19103F-16F7-4668-BE54-9A1E7A4F7556}") = "TDS.IdentityService.Application", "TDS.IdentityService.Application\TDS.IdentityService.Application.csproj", "{F794136F-2F43-4002-9A87-5D84AEC0156B}"
EndProject
Project("{9A19103F-16F7-4668-BE54-9A1E7A4F7556}") = "TDS.WalletService.Application", "TDS.WalletService.Application\TDS.WalletService.Application.csproj", "{13C4F10E-511D-4C4D-8C97-766581D9B1EC}"
EndProject
Project("{9A19103F-16F7-4668-BE54-9A1E7A4F7556}") = "TDS.Domain", "TDS.Domain\TDS.Domain.csproj", "{D020B6A0-9AD3-4400-A3AD-8832E9D2D08A}"
EndProject
Project("{9A19103F-16F7-4668-BE54-9A1E7A4F7556}") = "TDS.WalletService.Infrastructure", "TDS.WalletService.Infrastructure\TDS.WalletService.Infrastructure.csproj", "{E8CF3310-BCE8-4C37-BF81-5765E32FA893}"
EndProject
Project("{9A19103F-16F7-4668-BE54-9A1E7A4F7556}") = "TDS.IdentityService.Infrastructure", "TDS.IdentityService.Infrastructure\TDS.IdentityService.Infrastructure.csproj", "{2204FB08-C31B-4A99-A262-D44EAF6CBFF1}"
EndProject
Project("{9A19103F-16F7-4668-BE54-9A1E7A4F7556}") = "WalletService.API", "WalletService.API\WalletService.API.csproj", "{46E00F3F-1F0C-41A7-94AE-E9C5466452F7}"
EndProject
Project("{9A19103F-16F7-4668-BE54-9A1E7A4F7556}") = "IdentityService.API", "IdentityService.API\IdentityService.API.csproj", "{2EBD55E3-66ED-4C1B-A262-C84EB1E8493D}"
EndProject
Project("{9A19103F-16F7-4668-BE54-9A1E7A4F7556}") = "TDS.WalletService.UnitTest", "TDS.WalletService.UnitTest\TDS.WalletService.UnitTest.csproj", "{CE8BC088-D231-499C-825F-D9BC602EEF01}"
EndProject
Project("{9A19103F-16F7-4668-BE54-9A1E7A4F7556}") = "TDS.IdentityService.UnitTest", "TDS.IdentityService.UnitTest\TDS.IdentityService.UnitTest.csproj", "{0A808E5E-56B7-4FDE-BD7B-9043E18D7C48}"
EndProject
Global
	GlobalSection(SolutionConfigurationPlatforms) = preSolution
		Debug|Any CPU = Debug|Any CPU
		Release|Any CPU = Release|Any CPU
	EndGlobalSection
	GlobalSection(ProjectConfigurationPlatforms) = postSolution
		{F794136F-2F43-4002-9A87-5D84AEC0156B}.Debug|Any CPU.ActiveCfg = Debug|Any CPU
		{F794136F-2F43-4002-9A87-5D84AEC0156B}.Debug|Any CPU.Build.0 = Debug|Any CPU
		{F794136F-2F43-4002-9A87-5D84AEC0156B}.Release|Any CPU.ActiveCfg = Release|Any CPU
		{F794136F-2F43-4002-9A87-5D84AEC0156B}.Release|Any CPU.Build.0 = Release|Any CPU
		{13C4F10E-511D-4C4D-8C97-766581D9B1EC}.Debug|Any CPU.ActiveCfg = Debug|Any CPU
		{13C4F10E-511D-4C4D-8C97-766581D9B1EC}.Debug|Any CPU.Build.0 = Debug|Any CPU
		{13C4F10E-511D-4C4D-8C97-766581D9B1EC}.Release|Any CPU.ActiveCfg = Release|Any CPU
		{13C4F10E-511D-4C4D-8C97-766581D9B1EC}.Release|Any CPU.Build.0 = Release|Any CPU
		{D020B6A0-9AD3-4400-A3AD-8832E9D2D08A}.Debug|Any CPU.ActiveCfg = Debug|Any CPU
		{D020B6A0-9AD3-4400-A3AD-8832E9D2D08A}.Debug|Any CPU.Build.0 = Debug|Any CPU
		{D020B6A0-9AD3-4400-A3AD-8832E9D2D08A}.Release|Any CPU.ActiveCfg = Release|Any CPU
		{D020B6A0-9AD3-4400-A3AD-8832E9D2D08A}.Release|Any CPU.Build.0 = Release|Any CPU
		{E8CF3310-BCE8-4C37-BF81-5765E32FA893}.Debug|Any CPU.ActiveCfg = Debug|Any CPU
		{E8CF3310-BCE8-4C37-BF81-5765E32FA893}.Debug|Any CPU.Build.0 = Debug|Any CPU
		{E8CF3310-BCE8-4C37-BF81-5765E32FA893}.Release|Any CPU.ActiveCfg = Release|Any CPU
		{E8CF3310-BCE8-4C37-BF81-5765E32FA893}.Release|Any CPU.Build.0 = Release|Any CPU
		{2204FB08-C31B-4A99-A262-D44EAF6CBFF1}.Debug|Any CPU.ActiveCfg = Debug|Any CPU
		{2204FB08-C31B-4A99-A262-D44EAF6CBFF1}.Debug|Any CPU.Build.0 = Debug|Any CPU
		{2204FB08-C31B-4A99-A262-D44EAF6CBFF1}.Release|Any CPU.ActiveCfg = Release|Any CPU
		{2204FB08-C31B-4A99-A262-D44EAF6CBFF1}.Release|Any CPU.Build.0 = Release|Any CPU
		{46E00F3F-1F0C-41A7-94AE-E9C5466452F7}.Debug|Any CPU.ActiveCfg = Debug|Any CPU
		{46E00F3F-1F0C-41A7-94AE-E9C5466452F7}.Debug|Any CPU.Build.0 = Debug|Any CPU
		{46E00F3F-1F0C-41A7-94AE-E9C5466452F7}.Release|Any CPU.ActiveCfg = Release|Any CPU
		{46E00F3F-1F0C-41A7-94AE-E9C5466452F7}.Release|Any CPU.Build.0 = Release|Any CPU
		{2EBD55E3-66ED-4C1B-A262-C84EB1E8493D}.Debug|Any CPU.ActiveCfg = Debug|Any CPU
		{2EBD55E3-66ED-4C1B-A262-C84EB1E8493D}.Debug|Any CPU.Build.0 = Debug|Any CPU
		{2EBD55E3-66ED-4C1B-A262-C84EB1E8493D}.Release|Any CPU.ActiveCfg = Release|Any CPU
		{2EBD55E3-66ED-4C1B-A262-C84EB1E8493D}.Release|Any CPU.Build.0 = Release|Any CPU
		{CE8BC088-D231-499C-825F-D9BC602EEF01}.Debug|Any CPU.ActiveCfg = Debug|Any CPU
		{CE8BC088-D231-499C-825F-D9BC602EEF01}.Debug|Any CPU.Build.0 = Debug|Any CPU
		{CE8BC088-D231-499C-825F-D9BC602EEF01}.Release|Any CPU.ActiveCfg = Release|Any CPU
		{CE8BC088-D231-499C-825F-D9BC602EEF01}.Release|Any CPU.Build.0 = Release|Any CPU
		{0A808E5E-56B7-4FDE-BD7B-9043E18D7C48}.Debug|Any CPU.ActiveCfg = Debug|Any CPU
		{0A808E5E-56B7-4FDE-BD7B-9043E18D7C48}.Debug|Any CPU.Build.0 = Debug|Any CPU
		{0A808E5E-56B7-4FDE-BD7B-9043E18D7C48}.Release|Any CPU.ActiveCfg = Release|Any CPU
		{0A808E5E-56B7-4FDE-BD7B-9043E18D7C48}.Release|Any CPU.Build.0 = Release|Any CPU
	EndGlobalSection
	GlobalSection(SolutionProperties) = preSolution
		HideSolutionNode = FALSE
	EndGlobalSection
	GlobalSection(NestedProjects) = preSolution
		{80109FA0-DF84-4567-9C2E-4671BF888D39} = {8D0B12C8-D230-4432-B654-ED6F6F9D9AE1}
		{850AB592-2C5F-4D17-BB2D-7A83BA856580} = {8D0B12C8-D230-4432-B654-ED6F6F9D9AE1}
		{F794136F-2F43-4002-9A87-5D84AEC0156B} = {4ACFC861-87D8-48C2-8176-F7F65581F913}
		{13C4F10E-511D-4C4D-8C97-766581D9B1EC} = {4ACFC861-87D8-48C2-8176-F7F65581F913}
		{D020B6A0-9AD3-4400-A3AD-8832E9D2D08A} = {80109FA0-DF84-4567-9C2E-4671BF888D39}
		{E8CF3310-BCE8-4C37-BF81-5765E32FA893} = {850AB592-2C5F-4D17-BB2D-7A83BA856580}
		{2204FB08-C31B-4A99-A262-D44EAF6CBFF1} = {850AB592-2C5F-4D17-BB2D-7A83BA856580}
		{46E00F3F-1F0C-41A7-94AE-E9C5466452F7} = {D8370BF8-7BB3-479A-B45E-98E474F20206}
		{2EBD55E3-66ED-4C1B-A262-C84EB1E8493D} = {D8370BF8-7BB3-479A-B45E-98E474F20206}
		{CE8BC088-D231-499C-825F-D9BC602EEF01} = {F41E47F8-FF01-44C1-B759-8A62A3E31ABA}
		{0A808E5E-56B7-4FDE-BD7B-9043E18D7C48} = {F41E47F8-FF01-44C1-B759-8A62A3E31ABA}
	EndGlobalSection
	GlobalSection(ExtensibilityGlobals) = postSolution
		SolutionGuid = {B668A1AA-4983-4B39-AF9C-82065BFA39E1}
	EndGlobalSection
EndGlobal
